<?xml version="1.0" encoding="utf-8"?>
<Project ToolsVersion="4.0" xmlns="http://schemas.microsoft.com/developer/msbuild/2003">
  <ItemGroup>
    <Filter Include="Source Files">
      <UniqueIdentifier>{58c72894-cf24-4636-a877-1bb50bebf3b6}</UniqueIdentifier>
      <Extensions>cpp;c;cxx;rc;def;r;odl;idl;hpj;bat</Extensions>
    </Filter>
    <Filter Include="Header Files">
      <UniqueIdentifier>{3ad698aa-5005-4c31-8076-c2d5d0583a1a}</UniqueIdentifier>
      <Extensions>h;hpp;hxx;hm;inl</Extensions>
    </Filter>
    <Filter Include="Resource Files">
      <UniqueIdentifier>{c8b7d3dc-b237-4f0e-bd41-357e1e304397}</UniqueIdentifier>
      <Extensions>ico;cur;bmp;dlg;rc2;rct;bin;rgs;gif;jpg;jpeg;jpe</Extensions>
    </Filter>
  </ItemGroup>
  <ItemGroup>
    <ClCompile Include="Ana_file.cpp">
      <Filter>Source Files</Filter>
    </ClCompile>
    <ClCompile Include="BJDATA.cpp">
      <Filter>Source Files</Filter>
    </ClCompile>
    <ClCompile Include="FaultageProcess.cpp">
      <Filter>Source Files</Filter>
    </ClCompile>
    <ClCompile Include="ProgressTimeToComplete.cpp">
      <Filter>Source Files</Filter>
    </ClCompile>
    <ClCompile Include="StdAfx.cpp">
      <Filter>Source Files</Filter>
    </ClCompile>
    <ClCompile Include="symnclass.cpp">
      <Filter>Source Files</Filter>
    </ClCompile>
    <ClCompile Include="TimedProgress.cpp">
      <Filter>Source Files</Filter>
    </ClCompile>
    <ClCompile Include="TimedProgressDlg.cpp">
      <Filter>Source Files</Filter>
    </ClCompile>
    <ClCompile Include="LogClass.cpp">
      <Filter>Source Files</Filter>
    </ClCompile>
  </ItemGroup>
  <ItemGroup>
    <ResourceCompile Include="TimedProgress.rc">
      <Filter>Source Files</Filter>
    </ResourceCompile>
  </ItemGroup>
  <ItemGroup>
    <ClInclude Include="Ana_file.h">
      <Filter>Header Files</Filter>
    </ClInclude>
    <ClInclude Include="BJDATA.h">
      <Filter>Header Files</Filter>
    </ClInclude>
    <ClInclude Include="FaultageProcess.h">
      <Filter>Header Files</Filter>
    </ClInclude>
    <ClInclude Include="memdc.h">
      <Filter>Header Files</Filter>
    </ClInclude>
    <ClInclude Include="ProgressTimeToComplete.h">
      <Filter>Header Files</Filter>
    </ClInclude>
    <ClInclude Include="Resource.h">
      <Filter>Header Files</Filter>
    </ClInclude>
    <ClInclude Include="StdAfx.h">
      <Filter>Header Files</Filter>
    </ClInclude>
    <ClInclude Include="symnclass.h">
      <Filter>Header Files</Filter>
    </ClInclude>
    <ClInclude Include="TimedProgress.h">
      <Filter>Header Files</Filter>
    </ClInclude>
    <ClInclude Include="TimedProgressDlg.h">
      <Filter>Header Files</Filter>
    </ClInclude>
  </ItemGroup>
  <ItemGroup>
    <Image Include="Res\Charfx.ico">
      <Filter>Resource Files</Filter>
    </Image>
    <Image Include="res\TimedProgress.ico">
      <Filter>Resource Files</Filter>
    </Image>
  </ItemGroup>
  <ItemGroup>
    <None Include="res\TimedProgress.rc2">
      <Filter>Resource Files</Filter>
    </None>
  </ItemGroup>
  <ItemGroup>
    <Text Include="ReadMe.txt" />
  </ItemGroup>
</Project>